
Microsoft Visual Studio Solution File, Format Version 12.00
# Visual Studio 15
VisualStudioVersion = 15.0.28307.102
MinimumVisualStudioVersion = 10.0.40219.1
Project("{888888A0-9F3D-457C-B088-3A5042F75D52}") = "14η εργασία", "14η εργασία\14η εργασία.pyproj", "{D82F4D81-E246-4371-8D2C-706440A5F9E4}"
EndProject
Global
	GlobalSection(SolutionConfigurationPlatforms) = preSolution
		Debug|Any CPU = Debug|Any CPU
		Release|Any CPU = Release|Any CPU
	EndGlobalSection
	GlobalSection(ProjectConfigurationPlatforms) = postSolution
		{D82F4D81-E246-4371-8D2C-706440A5F9E4}.Debug|Any CPU.ActiveCfg = Debug|Any CPU
		{D82F4D81-E246-4371-8D2C-706440A5F9E4}.Release|Any CPU.ActiveCfg = Release|Any CPU
	EndGlobalSection
	GlobalSection(SolutionProperties) = preSolution
		HideSolutionNode = FALSE
	EndGlobalSection
	GlobalSection(ExtensibilityGlobals) = postSolution
		SolutionGuid = {1740305C-7E94-409B-9F0D-788B70704833}
	EndGlobalSection
EndGlobal
